// !$*UTF8*$!
{
	archiveVersion = 1;
	classes = {
	};
	objectVersion = 46;
	objects = {

/* Begin PBXBuildFile section */
		A4A0B0921B87012900941AAC /* AppDelegate.swift in Sources */ = {isa = PBXBuildFile; fileRef = A4A0B0911B87012900941AAC /* AppDelegate.swift */; };
		A4A0B0941B87012900941AAC /* ViewController.swift in Sources */ = {isa = PBXBuildFile; fileRef = A4A0B0931B87012900941AAC /* ViewController.swift */; };
		A4A0B0971B87012900941AAC /* Main.storyboard in Resources */ = {isa = PBXBuildFile; fileRef = A4A0B0951B87012900941AAC /* Main.storyboard */; };
		A4A0B0991B87012900941AAC /* Images.xcassets in Resources */ = {isa = PBXBuildFile; fileRef = A4A0B0981B87012900941AAC /* Images.xcassets */; };
		A4A0B09C1B87012900941AAC /* LaunchScreen.xib in Resources */ = {isa = PBXBuildFile; fileRef = A4A0B09A1B87012900941AAC /* LaunchScreen.xib */; };
		A4A0B0A81B87012900941AAC /* ExtensionTests.swift in Sources */ = {isa = PBXBuildFile; fileRef = A4A0B0A71B87012900941AAC /* ExtensionTests.swift */; };
		A693AC481B8707B300F7B0EE /* qwe.swift in Sources */ = {isa = PBXBuildFile; fileRef = A693AC471B8707B300F7B0EE /* qwe.swift */; };
/* End PBXBuildFile section */

/* Begin PBXContainerItemProxy section */
		A4A0B0A21B87012900941AAC /* PBXContainerItemProxy */ = {
			isa = PBXContainerItemProxy;
			containerPortal = A4A0B0841B87012900941AAC /* Project object */;
			proxyType = 1;
			remoteGlobalIDString = A4A0B08B1B87012900941AAC;
			remoteInfo = Extension;
		};
/* End PBXContainerItemProxy section */

/* Begin PBXFileReference section */
		A4A0B08C1B87012900941AAC /* Extension.app */ = {isa = PBXFileReference; explicitFileType = wrapper.application; includeInIndex = 0; path = Extension.app; sourceTree = BUILT_PRODUCTS_DIR; };
		A4A0B0901B87012900941AAC /* Info.plist */ = {isa = PBXFileReference; lastKnownFileType = text.plist.xml; path = Info.plist; sourceTree = "<group>"; };
		A4A0B0911B87012900941AAC /* AppDelegate.swift */ = {isa = PBXFileReference; lastKnownFileType = sourcecode.swift; path = AppDelegate.swift; sourceTree = "<group>"; };
		A4A0B0931B87012900941AAC /* ViewController.swift */ = {isa = PBXFileReference; lastKnownFileType = sourcecode.swift; path = ViewController.swift; sourceTree = "<group>"; };
		A4A0B0961B87012900941AAC /* Base */ = {isa = PBXFileReference; lastKnownFileType = file.storyboard; name = Base; path = Base.lproj/Main.storyboard; sourceTree = "<group>"; };
		A4A0B0981B87012900941AAC /* Images.xcassets */ = {isa = PBXFileReference; lastKnownFileType = folder.assetcatalog; path = Images.xcassets; sourceTree = "<group>"; };
		A4A0B09B1B87012900941AAC /* Base */ = {isa = PBXFileReference; lastKnownFileType = file.xib; name = Base; path = Base.lproj/LaunchScreen.xib; sourceTree = "<group>"; };
		A4A0B0A11B87012900941AAC /* ExtensionTests.xctest */ = {isa = PBXFileReference; explicitFileType = wrapper.cfbundle; includeInIndex = 0; path = ExtensionTests.xctest; sourceTree = BUILT_PRODUCTS_DIR; };
		A4A0B0A61B87012900941AAC /* Info.plist */ = {isa = PBXFileReference; lastKnownFileType = text.plist.xml; path = Info.plist; sourceTree = "<group>"; };
		A4A0B0A71B87012900941AAC /* ExtensionTests.swift */ = {isa = PBXFileReference; lastKnownFileType = sourcecode.swift; path = ExtensionTests.swift; sourceTree = "<group>"; };
		A693AC471B8707B300F7B0EE /* qwe.swift */ = {isa = PBXFileReference; fileEncoding = 4; lastKnownFileType = sourcecode.swift; path = qwe.swift; sourceTree = "<group>"; };
/* End PBXFileReference section */

/* Begin PBXFrameworksBuildPhase section */
		A4A0B0891B87012900941AAC /* Frameworks */ = {
			isa = PBXFrameworksBuildPhase;
			buildActionMask = 2147483647;
			files = (
			);
			runOnlyForDeploymentPostprocessing = 0;
		};
		A4A0B09E1B87012900941AAC /* Frameworks */ = {
			isa = PBXFrameworksBuildPhase;
			buildActionMask = 2147483647;
			files = (
			);
			runOnlyForDeploymentPostprocessing = 0;
		};
/* End PBXFrameworksBuildPhase section */

/* Begin PBXGroup section */
		A4A0B0831B87012900941AAC = {
			isa = PBXGroup;
			children = (
				A693AC471B8707B300F7B0EE /* qwe.swift */,
				A4A0B08E1B87012900941AAC /* Extension */,
				A4A0B0A41B87012900941AAC /* ExtensionTests */,
				A4A0B08D1B87012900941AAC /* Products */,
			);
			sourceTree = "<group>";
		};
		A4A0B08D1B87012900941AAC /* Products */ = {
			isa = PBXGroup;
			children = (
				A4A0B08C1B87012900941AAC /* Extension.app */,
				A4A0B0A11B87012900941AAC /* ExtensionTests.xctest */,
			);
			name = Products;
			sourceTree = "<group>";
		};
		A4A0B08E1B87012900941AAC /* Extension */ = {
			isa = PBXGroup;
			children = (
				A4A0B0911B87012900941AAC /* AppDelegate.swift */,
				A4A0B0931B87012900941AAC /* ViewController.swift */,
				A4A0B0951B87012900941AAC /* Main.storyboard */,
				A4A0B0981B87012900941AAC /* Images.xcassets */,
				A4A0B09A1B87012900941AAC /* LaunchScreen.xib */,
				A4A0B08F1B87012900941AAC /* Supporting Files */,
			);
			path = Extension;
			sourceTree = "<group>";
		};
		A4A0B08F1B87012900941AAC /* Supporting Files */ = {
			isa = PBXGroup;
			children = (
				A4A0B0901B87012900941AAC /* Info.plist */,
			);
			name = "Supporting Files";
			sourceTree = "<group>";
		};
		A4A0B0A41B87012900941AAC /* ExtensionTests */ = {
			isa = PBXGroup;
			children = (
				A4A0B0A71B87012900941AAC /* ExtensionTests.swift */,
				A4A0B0A51B87012900941AAC /* Supporting Files */,
			);
			path = ExtensionTests;
			sourceTree = "<group>";
		};
		A4A0B0A51B87012900941AAC /* Supporting Files */ = {
			isa = PBXGroup;
			children = (
				A4A0B0A61B87012900941AAC /* Info.plist */,
			);
			name = "Supporting Files";
			sourceTree = "<group>";
		};
/* End PBXGroup section */

/* Begin PBXNativeTarget section */
		A4A0B08B1B87012900941AAC /* Extension */ = {
			isa = PBXNativeTarget;
			buildConfigurationList = A4A0B0AB1B87012900941AAC /* Build configuration list for PBXNativeTarget "Extension" */;
			buildPhases = (
				A4A0B0881B87012900941AAC /* Sources */,
				A4A0B0891B87012900941AAC /* Frameworks */,
				A4A0B08A1B87012900941AAC /* Resources */,
			);
			buildRules = (
			);
			dependencies = (
			);
			name = Extension;
			productName = Extension;
			productReference = A4A0B08C1B87012900941AAC /* Extension.app */;
			productType = "com.apple.product-type.application";
		};
		A4A0B0A01B87012900941AAC /* ExtensionTests */ = {
			isa = PBXNativeTarget;
			buildConfigurationList = A4A0B0AE1B87012900941AAC /* Build configuration list for PBXNativeTarget "ExtensionTests" */;
			buildPhases = (
				A4A0B09D1B87012900941AAC /* Sources */,
				A4A0B09E1B87012900941AAC /* Frameworks */,
				A4A0B09F1B87012900941AAC /* Resources */,
			);
			buildRules = (
			);
			dependencies = (
				A4A0B0A31B87012900941AAC /* PBXTargetDependency */,
			);
			name = ExtensionTests;
			productName = ExtensionTests;
			productReference = A4A0B0A11B87012900941AAC /* ExtensionTests.xctest */;
			productType = "com.apple.product-type.bundle.unit-test";
		};
/* End PBXNativeTarget section */

/* Begin PBXProject section */
		A4A0B0841B87012900941AAC /* Project object */ = {
			isa = PBXProject;
			attributes = {
				LastUpgradeCheck = 0640;
				ORGANIZATIONNAME = brocccoli;
				TargetAttributes = {
					A4A0B08B1B87012900941AAC = {
						CreatedOnToolsVersion = 6.4;
					};
					A4A0B0A01B87012900941AAC = {
						CreatedOnToolsVersion = 6.4;
						TestTargetID = A4A0B08B1B87012900941AAC;
					};
				};
			};
			buildConfigurationList = A4A0B0871B87012900941AAC /* Build configuration list for PBXProject "Extension" */;
			compatibilityVersion = "Xcode 3.2";
			developmentRegion = English;
			hasScannedForEncodings = 0;
			knownRegions = (
				en,
				Base,
			);
			mainGroup = A4A0B0831B87012900941AAC;
			productRefGroup = A4A0B08D1B87012900941AAC /* Products */;
			projectDirPath = "";
			projectRoot = "";
			targets = (
				A4A0B08B1B87012900941AAC /* Extension */,
				A4A0B0A01B87012900941AAC /* ExtensionTests */,
			);
		};
/* End PBXProject section */

/* Begin PBXResourcesBuildPhase section */
		A4A0B08A1B87012900941AAC /* Resources */ = {
			isa = PBXResourcesBuildPhase;
			buildActionMask = 2147483647;
			files = (
				A4A0B0971B87012900941AAC /* Main.storyboard in Resources */,
				A4A0B09C1B87012900941AAC /* LaunchScreen.xib in Resources */,
				A4A0B0991B87012900941AAC /* Images.xcassets in Resources */,
			);
			runOnlyForDeploymentPostprocessing = 0;
		};
		A4A0B09F1B87012900941AAC /* Resources */ = {
			isa = PBXResourcesBuildPhase;
			buildActionMask = 2147483647;
			files = (
			);
			runOnlyForDeploymentPostprocessing = 0;
		};
/* End PBXResourcesBuildPhase section */

/* Begin PBXSourcesBuildPhase section */
		A4A0B0881B87012900941AAC /* Sources */ = {
			isa = PBXSourcesBuildPhase;
			buildActionMask = 2147483647;
			files = (
				A4A0B0941B87012900941AAC /* ViewController.swift in Sources */,
				A4A0B0921B87012900941AAC /* AppDelegate.swift in Sources */,
				A693AC481B8707B300F7B0EE /* qwe.swift in Sources */,
			);
			runOnlyForDeploymentPostprocessing = 0;
		};
		A4A0B09D1B87012900941AAC /* Sources */ = {
			isa = PBXSourcesBuildPhase;
			buildActionMask = 2147483647;
			files = (
				A4A0B0A81B87012900941AAC /* ExtensionTests.swift in Sources */,
			);
			runOnlyForDeploymentPostprocessing = 0;
		};
/* End PBXSourcesBuildPhase section */

/* Begin PBXTargetDependency section */
		A4A0B0A31B87012900941AAC /* PBXTargetDependency */ = {
			isa = PBXTargetDependency;
			target = A4A0B08B1B87012900941AAC /* Extension */;
			targetProxy = A4A0B0A21B87012900941AAC /* PBXContainerItemProxy */;
		};
/* End PBXTargetDependency section */

/* Begin PBXVariantGroup section */
		A4A0B0951B87012900941AAC /* Main.storyboard */ = {
			isa = PBXVariantGroup;
			children = (
				A4A0B0961B87012900941AAC /* Base */,
			);
			name = Main.storyboard;
			sourceTree = "<group>";
		};
		A4A0B09A1B87012900941AAC /* LaunchScreen.xib */ = {
			isa = PBXVariantGroup;
			children = (
				A4A0B09B1B87012900941AAC /* Base */,
			);
			name = LaunchScreen.xib;
			sourceTree = "<group>";
		};
/* End PBXVariantGroup section */

/* Begin XCBuildConfiguration section */
		A4A0B0A91B87012900941AAC /* Debug */ = {
			isa = XCBuildConfiguration;
			buildSettings = {
				ALWAYS_SEARCH_USER_PATHS = NO;
				CLANG_CXX_LANGUAGE_STANDARD = "gnu++0x";
				CLANG_CXX_LIBRARY = "libc++";
				CLANG_ENABLE_MODULES = YES;
				CLANG_ENABLE_OBJC_ARC = YES;
				CLANG_WARN_BOOL_CONVERSION = YES;
				CLANG_WARN_CONSTANT_CONVERSION = YES;
				CLANG_WARN_DIRECT_OBJC_ISA_USAGE = YES_ERROR;
				CLANG_WARN_EMPTY_BODY = YES;
				CLANG_WARN_ENUM_CONVERSION = YES;
				CLANG_WARN_INT_CONVERSION = YES;
				CLANG_WARN_OBJC_ROOT_CLASS = YES_ERROR;
				CLANG_WARN_UNREACHABLE_CODE = YES;
				CLANG_WARN__DUPLICATE_METHOD_MATCH = YES;
				"CODE_SIGN_IDENTITY[sdk=iphoneos*]" = "iPhone Developer";
				COPY_PHASE_STRIP = NO;
				DEBUG_INFORMATION_FORMAT = "dwarf-with-dsym";
				ENABLE_STRICT_OBJC_MSGSEND = YES;
				GCC_C_LANGUAGE_STANDARD = gnu99;
				GCC_DYNAMIC_NO_PIC = NO;
				GCC_NO_COMMON_BLOCKS = YES;
				GCC_OPTIMIZATION_LEVEL = 0;
				GCC_PREPROCESSOR_DEFINITIONS = (
					"DEBUG=1",
					"$(inherited)",
				);
				GCC_SYMBOLS_PRIVATE_EXTERN = NO;
				GCC_WARN_64_TO_32_BIT_CONVERSION = YES;
				GCC_WARN_ABOUT_RETURN_TYPE = YES_ERROR;
				GCC_WARN_UNDECLARED_SELECTOR = YES;
				GCC_WARN_UNINITIALIZED_AUTOS = YES_AGGRESSIVE;
				GCC_WARN_UNUSED_FUNCTION = YES;
				GCC_WARN_UNUSED_VARIABLE = YES;
				IPHONEOS_DEPLOYMENT_TARGET = 8.4;
				MTL_ENABLE_DEBUG_INFO = YES;
				ONLY_ACTIVE_ARCH = YES;
				SDKROOT = iphoneos;
				SWIFT_OPTIMIZATION_LEVEL = "-Onone";
			};
			name = Debug;
		};
		A4A0B0AA1B87012900941AAC /* Release */ = {
			isa = XCBuildConfiguration;
			buildSettings = {
				ALWAYS_SEARCH_USER_PATHS = NO;
				CLANG_CXX_LANGUAGE_STANDARD = "gnu++0x";
				CLANG_CXX_LIBRARY = "libc++";
				CLANG_ENABLE_MODULES = YES;
				CLANG_ENABLE_OBJC_ARC = YES;
				CLANG_WARN_BOOL_CONVERSION = YES;
				CLANG_WARN_CONSTANT_CONVERSION = YES;
				CLANG_WARN_DIRECT_OBJC_ISA_USAGE = YES_ERROR;
				CLANG_WARN_EMPTY_BODY = YES;
				CLANG_WARN_ENUM_CONVERSION = YES;
				CLANG_WARN_INT_CONVERSION = YES;
				CLANG_WARN_OBJC_ROOT_CLASS = YES_ERROR;
				CLANG_WARN_UNREACHABLE_CODE = YES;
				CLANG_WARN__DUPLICATE_METHOD_MATCH = YES;
				"CODE_SIGN_IDENTITY[sdk=iphoneos*]" = "iPhone Developer";
				COPY_PHASE_STRIP = NO;
				DEBUG_INFORMATION_FORMAT = "dwarf-with-dsym";
				ENABLE_NS_ASSERTIONS = NO;
				ENABLE_STRICT_OBJC_MSGSEND = YES;
				GCC_C_LANGUAGE_STANDARD = gnu99;
				GCC_NO_COMMON_BLOCKS = YES;
				GCC_WARN_64_TO_32_BIT_CONVERSION = YES;
				GCC_WARN_ABOUT_RETURN_TYPE = YES_ERROR;
				GCC_WARN_UNDECLARED_SELECTOR = YES;
				GCC_WARN_UNINITIALIZED_AUTOS = YES_AGGRESSIVE;
				GCC_WARN_UNUSED_FUNCTION = YES;
				GCC_WARN_UNUSED_VARIABLE = YES;
				IPHONEOS_DEPLOYMENT_TARGET = 8.4;
				MTL_ENABLE_DEBUG_INFO = NO;
				SDKROOT = iphoneos;
				VALIDATE_PRODUCT = YES;
			};
			name = Release;
		};
		A4A0B0AC1B87012900941AAC /* Debug */ = {
			isa = XCBuildConfiguration;
			buildSettings = {
				ASSETCATALOG_COMPILER_APPICON_NAME = AppIcon;
				INFOPLIST_FILE = Extension/Info.plist;
				LD_RUNPATH_SEARCH_PATHS = "$(inherited) @executable_path/Frameworks";
				PRODUCT_NAME = "$(TARGET_NAME)";
			};
			name = Debug;
		};
		A4A0B0AD1B87012900941AAC /* Release */ = {
			isa = XCBuildConfiguration;
			buildSettings = {
				ASSETCATALOG_COMPILER_APPICON_NAME = AppIcon;
				INFOPLIST_FILE = Extension/Info.plist;
				LD_RUNPATH_SEARCH_PATHS = "$(inherited) @executable_path/Frameworks";
				PRODUCT_NAME = "$(TARGET_NAME)";
			};
			name = Release;
		};
		A4A0B0AF1B87012900941AAC /* Debug */ = {
			isa = XCBuildConfiguration;
			buildSettings = {
				BUNDLE_LOADER = "$(TEST_HOST)";
				FRAMEWORK_SEARCH_PATHS = (
					"$(SDKROOT)/Developer/Library/Frameworks",
					"$(inherited)",
				);
				GCC_PREPROCESSOR_DEFINITIONS = (
					"DEBUG=1",
					"$(inherited)",
				);
				INFOPLIST_FILE = ExtensionTests/Info.plist;
				LD_RUNPATH_SEARCH_PATHS = "$(inherited) @executable_path/Frameworks @loader_path/Frameworks";
				PRODUCT_NAME = "$(TARGET_NAME)";
				TEST_HOST = "$(BUILT_PRODUCTS_DIR)/Extension.app/Extension";
			};
			name = Debug;
		};
		A4A0B0B01B87012900941AAC /* Release */ = {
			isa = XCBuildConfiguration;
			buildSettings = {
				BUNDLE_LOADER = "$(TEST_HOST)";
				FRAMEWORK_SEARCH_PATHS = (
					"$(SDKROOT)/Developer/Library/Frameworks",
					"$(inherited)",
				);
				INFOPLIST_FILE = ExtensionTests/Info.plist;
				LD_RUNPATH_SEARCH_PATHS = "$(inherited) @executable_path/Frameworks @loader_path/Frameworks";
				PRODUCT_NAME = "$(TARGET_NAME)";
				TEST_HOST = "$(BUILT_PRODUCTS_DIR)/Extension.app/Extension";
			};
			name = Release;
		};
/* End XCBuildConfiguration section */

/* Begin XCConfigurationList section */
		A4A0B0871B87012900941AAC /* Build configuration list for PBXProject "Extension" */ = {
			isa = XCConfigurationList;
			buildConfigurations = (
				A4A0B0A91B87012900941AAC /* Debug */,
				A4A0B0AA1B87012900941AAC /* Release */,
			);
			defaultConfigurationIsVisible = 0;
			defaultConfigurationName = Release;
		};
		A4A0B0AB1B87012900941AAC /* Build configuration list for PBXNativeTarget "Extension" */ = {
			isa = XCConfigurationList;
			buildConfigurations = (
				A4A0B0AC1B87012900941AAC /* Debug */,
				A4A0B0AD1B87012900941AAC /* Release */,
			);
			defaultConfigurationIsVisible = 0;
			defaultConfigurationName = Release;
		};
		A4A0B0AE1B87012900941AAC /* Build configuration list for PBXNativeTarget "ExtensionTests" */ = {
			isa = XCConfigurationList;
			buildConfigurations = (
				A4A0B0AF1B87012900941AAC /* Debug */,
				A4A0B0B01B87012900941AAC /* Release */,
			);
			defaultConfigurationIsVisible = 0;
			defaultConfigurationName = Release;
		};
/* End XCConfigurationList section */
	};
	rootObject = A4A0B0841B87012900941AAC /* Project object */;
}
